
Microsoft Visual Studio Solution File, Format Version 12.00
# Visual Studio Version 16
VisualStudioVersion = 16.0.31424.327
MinimumVisualStudioVersion = 10.0.40219.1
Project("{FAE04EC0-301F-11D3-BF4B-00C04F79EFBC}") = "NNCUI", "NNCUI\NNCUI.csproj", "{40683786-A4FE-4B75-AA78-ADC5AA0B4A34}"
EndProject
Global
	GlobalSection(SolutionConfigurationPlatforms) = preSolution
		Debug|Any CPU = Debug|Any CPU
		Release|Any CPU = Release|Any CPU
	EndGlobalSection
	GlobalSection(ProjectConfigurationPlatforms) = postSolution
		{40683786-A4FE-4B75-AA78-ADC5AA0B4A34}.Debug|Any CPU.ActiveCfg = Debug|Any CPU
		{40683786-A4FE-4B75-AA78-ADC5AA0B4A34}.Debug|Any CPU.Build.0 = Debug|Any CPU
		{40683786-A4FE-4B75-AA78-ADC5AA0B4A34}.Release|Any CPU.ActiveCfg = Release|Any CPU
		{40683786-A4FE-4B75-AA78-ADC5AA0B4A34}.Release|Any CPU.Build.0 = Release|Any CPU
	EndGlobalSection
	GlobalSection(SolutionProperties) = preSolution
		HideSolutionNode = FALSE
	EndGlobalSection
	GlobalSection(ExtensibilityGlobals) = postSolution
		SolutionGuid = {FFE620A0-C19B-4990-BA7C-5E7E6876257E}
	EndGlobalSection
EndGlobal
